
Microsoft Visual Studio Solution File, Format Version 11.00
# Visual Studio 2010
Project("{FAE04EC0-301F-11D3-BF4B-00C04F79EFBC}") = "JsonGenerator", "JsonGenerator\JsonGenerator.csproj", "{AF88043E-940F-4AC4-9562-136C9EC2FACC}"
EndProject
Global
	GlobalSection(SolutionConfigurationPlatforms) = preSolution
		Debug|x86 = Debug|x86
		Release|x86 = Release|x86
	EndGlobalSection
	GlobalSection(ProjectConfigurationPlatforms) = postSolution
		{AF88043E-940F-4AC4-9562-136C9EC2FACC}.Debug|x86.ActiveCfg = Debug|x86
		{AF88043E-940F-4AC4-9562-136C9EC2FACC}.Debug|x86.Build.0 = Debug|x86
		{AF88043E-940F-4AC4-9562-136C9EC2FACC}.Release|x86.ActiveCfg = Release|x86
		{AF88043E-940F-4AC4-9562-136C9EC2FACC}.Release|x86.Build.0 = Release|x86
	EndGlobalSection
	GlobalSection(SolutionProperties) = preSolution
		HideSolutionNode = FALSE
	EndGlobalSection
EndGlobal
